{"1.2.0",
[{<<"ibrowse">>,{pkg,<<"ibrowse">>,<<"4.4.2">>},0},
 {<<"jsx">>,{pkg,<<"jsx">>,<<"3.1.0">>},0}]}.
[
{pkg_hash,[
 {<<"ibrowse">>, <<"7FE943BA6CB88514DCA631C7408C4A7897CE69FB0905244E2BFBC839D42F8D45">>},
 {<<"jsx">>, <<"D12516BAA0BB23A59BB35DCCAF02A1BD08243FCBB9EFE24F2D9D056CCFF71268">>}]},
{pkg_hash_ext,[
 {<<"ibrowse">>, <<"F088CEE1FAF6514B18C7783E8BC64C628D140A239786DC1F58FE9766E9584F41">>},
 {<<"jsx">>, <<"0C5CC8FDC11B53CC25CF65AC6705AD39E54ECC56D1C22E4ADB8F5A53FB9427F3">>}]}
].
